
Microsoft Visual Studio Solution File, Format Version 12.00
# Visual Studio Version 17
VisualStudioVersion = 17.8.34004.107
MinimumVisualStudioVersion = 10.0.40219.1
Project("{9A19103F-16F7-4668-BE54-9A1E7A4F7556}") = "TestingTimeToMssql", "TestingTimeToMssql\TestingTimeToMssql.csproj", "{B109994B-D677-4B4C-AAF9-894CA9A1EF57}"
EndProject
Project("{FAE04EC0-301F-11D3-BF4B-00C04F79EFBC}") = "TestSpeedMssql", "TestSpeedMssql\TestSpeedMssql.csproj", "{9BB6AE8E-C37D-494D-9FA9-2A0C7BEF1694}"
EndProject
Global
	GlobalSection(SolutionConfigurationPlatforms) = preSolution
		Debug|Any CPU = Debug|Any CPU
		Release|Any CPU = Release|Any CPU
	EndGlobalSection
	GlobalSection(ProjectConfigurationPlatforms) = postSolution
		{B109994B-D677-4B4C-AAF9-894CA9A1EF57}.Debug|Any CPU.ActiveCfg = Debug|Any CPU
		{B109994B-D677-4B4C-AAF9-894CA9A1EF57}.Debug|Any CPU.Build.0 = Debug|Any CPU
		{B109994B-D677-4B4C-AAF9-894CA9A1EF57}.Release|Any CPU.ActiveCfg = Release|Any CPU
		{B109994B-D677-4B4C-AAF9-894CA9A1EF57}.Release|Any CPU.Build.0 = Release|Any CPU
		{9BB6AE8E-C37D-494D-9FA9-2A0C7BEF1694}.Debug|Any CPU.ActiveCfg = Debug|Any CPU
		{9BB6AE8E-C37D-494D-9FA9-2A0C7BEF1694}.Debug|Any CPU.Build.0 = Debug|Any CPU
		{9BB6AE8E-C37D-494D-9FA9-2A0C7BEF1694}.Release|Any CPU.ActiveCfg = Release|Any CPU
		{9BB6AE8E-C37D-494D-9FA9-2A0C7BEF1694}.Release|Any CPU.Build.0 = Release|Any CPU
	EndGlobalSection
	GlobalSection(SolutionProperties) = preSolution
		HideSolutionNode = FALSE
	EndGlobalSection
	GlobalSection(ExtensibilityGlobals) = postSolution
		SolutionGuid = {DBBD5FDB-5E55-47E1-95ED-F66590D87CF1}
	EndGlobalSection
EndGlobal
